// !$*UTF8*$!
{
	archiveVersion = 1;
	classes = {
	};
	objectVersion = 46;
	objects = {

/* Begin PBXBuildFile section */
		EB68573B1CBBCE34006F8D1E /* AppDelegate.swift in Sources */ = {isa = PBXBuildFile; fileRef = EB68573A1CBBCE34006F8D1E /* AppDelegate.swift */; };
		EB68573D1CBBCE34006F8D1E /* ViewController.swift in Sources */ = {isa = PBXBuildFile; fileRef = EB68573C1CBBCE34006F8D1E /* ViewController.swift */; };
		EB6857401CBBCE34006F8D1E /* Main.storyboard in Resources */ = {isa = PBXBuildFile; fileRef = EB68573E1CBBCE34006F8D1E /* Main.storyboard */; };
		EB6857431CBBCE34006F8D1E /* pokedex.xcdatamodeld in Sources */ = {isa = PBXBuildFile; fileRef = EB6857411CBBCE34006F8D1E /* pokedex.xcdatamodeld */; };
		EB6857451CBBCE34006F8D1E /* Assets.xcassets in Resources */ = {isa = PBXBuildFile; fileRef = EB6857441CBBCE34006F8D1E /* Assets.xcassets */; };
		EB6857481CBBCE34006F8D1E /* LaunchScreen.storyboard in Resources */ = {isa = PBXBuildFile; fileRef = EB6857461CBBCE34006F8D1E /* LaunchScreen.storyboard */; };
		EB6857501CBBD2CD006F8D1E /* pokemon.csv in Resources */ = {isa = PBXBuildFile; fileRef = EB68574F1CBBD2CD006F8D1E /* pokemon.csv */; };
		EB6857531CBBD59E006F8D1E /* Pokemon.swift in Sources */ = {isa = PBXBuildFile; fileRef = EB6857521CBBD59E006F8D1E /* Pokemon.swift */; };
		EB6857561CBBDE63006F8D1E /* PokeCell.swift in Sources */ = {isa = PBXBuildFile; fileRef = EB6857551CBBDE63006F8D1E /* PokeCell.swift */; };
		EB6857581CBBEB1B006F8D1E /* csv.swift in Sources */ = {isa = PBXBuildFile; fileRef = EB6857571CBBEB1B006F8D1E /* csv.swift */; };
		EB68575E1CBBF1B3006F8D1E /* Pokemon.ttf in Resources */ = {isa = PBXBuildFile; fileRef = EB68575D1CBBF1B3006F8D1E /* Pokemon.ttf */; };
		EB6857601CBBF4D3006F8D1E /* music.mp3 in Resources */ = {isa = PBXBuildFile; fileRef = EB68575F1CBBF4D3006F8D1E /* music.mp3 */; };
/* End PBXBuildFile section */

/* Begin PBXFileReference section */
		EB6857371CBBCE34006F8D1E /* pokedex.app */ = {isa = PBXFileReference; explicitFileType = wrapper.application; includeInIndex = 0; path = pokedex.app; sourceTree = BUILT_PRODUCTS_DIR; };
		EB68573A1CBBCE34006F8D1E /* AppDelegate.swift */ = {isa = PBXFileReference; lastKnownFileType = sourcecode.swift; path = AppDelegate.swift; sourceTree = "<group>"; };
		EB68573C1CBBCE34006F8D1E /* ViewController.swift */ = {isa = PBXFileReference; lastKnownFileType = sourcecode.swift; path = ViewController.swift; sourceTree = "<group>"; };
		EB68573F1CBBCE34006F8D1E /* Base */ = {isa = PBXFileReference; lastKnownFileType = file.storyboard; name = Base; path = Base.lproj/Main.storyboard; sourceTree = "<group>"; };
		EB6857421CBBCE34006F8D1E /* pokedex.xcdatamodel */ = {isa = PBXFileReference; lastKnownFileType = wrapper.xcdatamodel; path = pokedex.xcdatamodel; sourceTree = "<group>"; };
		EB6857441CBBCE34006F8D1E /* Assets.xcassets */ = {isa = PBXFileReference; lastKnownFileType = folder.assetcatalog; path = Assets.xcassets; sourceTree = "<group>"; };
		EB6857471CBBCE34006F8D1E /* Base */ = {isa = PBXFileReference; lastKnownFileType = file.storyboard; name = Base; path = Base.lproj/LaunchScreen.storyboard; sourceTree = "<group>"; };
		EB6857491CBBCE34006F8D1E /* Info.plist */ = {isa = PBXFileReference; lastKnownFileType = text.plist.xml; path = Info.plist; sourceTree = "<group>"; };
		EB68574F1CBBD2CD006F8D1E /* pokemon.csv */ = {isa = PBXFileReference; fileEncoding = 4; lastKnownFileType = text; path = pokemon.csv; sourceTree = "<group>"; };
		EB6857521CBBD59E006F8D1E /* Pokemon.swift */ = {isa = PBXFileReference; fileEncoding = 4; lastKnownFileType = sourcecode.swift; path = Pokemon.swift; sourceTree = "<group>"; };
		EB6857551CBBDE63006F8D1E /* PokeCell.swift */ = {isa = PBXFileReference; fileEncoding = 4; lastKnownFileType = sourcecode.swift; path = PokeCell.swift; sourceTree = "<group>"; };
		EB6857571CBBEB1B006F8D1E /* csv.swift */ = {isa = PBXFileReference; fileEncoding = 4; lastKnownFileType = sourcecode.swift; path = csv.swift; sourceTree = "<group>"; };
		EB68575D1CBBF1B3006F8D1E /* Pokemon.ttf */ = {isa = PBXFileReference; lastKnownFileType = file; path = Pokemon.ttf; sourceTree = "<group>"; };
		EB68575F1CBBF4D3006F8D1E /* music.mp3 */ = {isa = PBXFileReference; lastKnownFileType = audio.mp3; path = music.mp3; sourceTree = "<group>"; };
/* End PBXFileReference section */

/* Begin PBXFrameworksBuildPhase section */
		EB6857341CBBCE34006F8D1E /* Frameworks */ = {
			isa = PBXFrameworksBuildPhase;
			buildActionMask = 2147483647;
			files = (
			);
			runOnlyForDeploymentPostprocessing = 0;
		};
/* End PBXFrameworksBuildPhase section */

/* Begin PBXGroup section */
		EB68572E1CBBCE34006F8D1E = {
			isa = PBXGroup;
			children = (
				EB6857391CBBCE34006F8D1E /* pokedex */,
				EB6857381CBBCE34006F8D1E /* Products */,
			);
			sourceTree = "<group>";
		};
		EB6857381CBBCE34006F8D1E /* Products */ = {
			isa = PBXGroup;
			children = (
				EB6857371CBBCE34006F8D1E /* pokedex.app */,
			);
			name = Products;
			sourceTree = "<group>";
		};
		EB6857391CBBCE34006F8D1E /* pokedex */ = {
			isa = PBXGroup;
			children = (
				EB68575A1CBBEBBE006F8D1E /* Controller */,
				EB6857511CBBD593006F8D1E /* Model */,
				EB6857541CBBDDFE006F8D1E /* View */,
				EB6857591CBBEB9F006F8D1E /* Utilities */,
				EB68575B1CBBEBD6006F8D1E /* Resources */,
				EB68573A1CBBCE34006F8D1E /* AppDelegate.swift */,
				EB68573E1CBBCE34006F8D1E /* Main.storyboard */,
				EB6857441CBBCE34006F8D1E /* Assets.xcassets */,
				EB6857461CBBCE34006F8D1E /* LaunchScreen.storyboard */,
				EB6857491CBBCE34006F8D1E /* Info.plist */,
				EB6857411CBBCE34006F8D1E /* pokedex.xcdatamodeld */,
			);
			path = pokedex;
			sourceTree = "<group>";
		};
		EB6857511CBBD593006F8D1E /* Model */ = {
			isa = PBXGroup;
			children = (
				EB6857521CBBD59E006F8D1E /* Pokemon.swift */,
			);
			name = Model;
			sourceTree = "<group>";
		};
		EB6857541CBBDDFE006F8D1E /* View */ = {
			isa = PBXGroup;
			children = (
				EB6857551CBBDE63006F8D1E /* PokeCell.swift */,
			);
			name = View;
			sourceTree = "<group>";
		};
		EB6857591CBBEB9F006F8D1E /* Utilities */ = {
			isa = PBXGroup;
			children = (
				EB6857571CBBEB1B006F8D1E /* csv.swift */,
			);
			name = Utilities;
			sourceTree = "<group>";
		};
		EB68575A1CBBEBBE006F8D1E /* Controller */ = {
			isa = PBXGroup;
			children = (
				EB68573C1CBBCE34006F8D1E /* ViewController.swift */,
			);
			name = Controller;
			sourceTree = "<group>";
		};
		EB68575B1CBBEBD6006F8D1E /* Resources */ = {
			isa = PBXGroup;
			children = (
				EB68575F1CBBF4D3006F8D1E /* music.mp3 */,
				EB68575D1CBBF1B3006F8D1E /* Pokemon.ttf */,
				EB68574F1CBBD2CD006F8D1E /* pokemon.csv */,
			);
			name = Resources;
			sourceTree = "<group>";
		};
/* End PBXGroup section */

/* Begin PBXNativeTarget section */
		EB6857361CBBCE34006F8D1E /* pokedex */ = {
			isa = PBXNativeTarget;
			buildConfigurationList = EB68574C1CBBCE34006F8D1E /* Build configuration list for PBXNativeTarget "pokedex" */;
			buildPhases = (
				EB6857331CBBCE34006F8D1E /* Sources */,
				EB6857341CBBCE34006F8D1E /* Frameworks */,
				EB6857351CBBCE34006F8D1E /* Resources */,
			);
			buildRules = (
			);
			dependencies = (
			);
			name = pokedex;
			productName = pokedex;
			productReference = EB6857371CBBCE34006F8D1E /* pokedex.app */;
			productType = "com.apple.product-type.application";
		};
/* End PBXNativeTarget section */

/* Begin PBXProject section */
		EB68572F1CBBCE34006F8D1E /* Project object */ = {
			isa = PBXProject;
			attributes = {
				LastSwiftUpdateCheck = 0720;
				LastUpgradeCheck = 0720;
				ORGANIZATIONNAME = "Parhelion Software";
				TargetAttributes = {
					EB6857361CBBCE34006F8D1E = {
						CreatedOnToolsVersion = 7.2.1;
					};
				};
			};
			buildConfigurationList = EB6857321CBBCE34006F8D1E /* Build configuration list for PBXProject "pokedex" */;
			compatibilityVersion = "Xcode 3.2";
			developmentRegion = English;
			hasScannedForEncodings = 0;
			knownRegions = (
				en,
				Base,
			);
			mainGroup = EB68572E1CBBCE34006F8D1E;
			productRefGroup = EB6857381CBBCE34006F8D1E /* Products */;
			projectDirPath = "";
			projectRoot = "";
			targets = (
				EB6857361CBBCE34006F8D1E /* pokedex */,
			);
		};
/* End PBXProject section */

/* Begin PBXResourcesBuildPhase section */
		EB6857351CBBCE34006F8D1E /* Resources */ = {
			isa = PBXResourcesBuildPhase;
			buildActionMask = 2147483647;
			files = (
				EB68575E1CBBF1B3006F8D1E /* Pokemon.ttf in Resources */,
				EB6857481CBBCE34006F8D1E /* LaunchScreen.storyboard in Resources */,
				EB6857601CBBF4D3006F8D1E /* music.mp3 in Resources */,
				EB6857451CBBCE34006F8D1E /* Assets.xcassets in Resources */,
				EB6857501CBBD2CD006F8D1E /* pokemon.csv in Resources */,
				EB6857401CBBCE34006F8D1E /* Main.storyboard in Resources */,
			);
			runOnlyForDeploymentPostprocessing = 0;
		};
/* End PBXResourcesBuildPhase section */

/* Begin PBXSourcesBuildPhase section */
		EB6857331CBBCE34006F8D1E /* Sources */ = {
			isa = PBXSourcesBuildPhase;
			buildActionMask = 2147483647;
			files = (
				EB6857581CBBEB1B006F8D1E /* csv.swift in Sources */,
				EB6857431CBBCE34006F8D1E /* pokedex.xcdatamodeld in Sources */,
				EB6857531CBBD59E006F8D1E /* Pokemon.swift in Sources */,
				EB68573D1CBBCE34006F8D1E /* ViewController.swift in Sources */,
				EB68573B1CBBCE34006F8D1E /* AppDelegate.swift in Sources */,
				EB6857561CBBDE63006F8D1E /* PokeCell.swift in Sources */,
			);
			runOnlyForDeploymentPostprocessing = 0;
		};
/* End PBXSourcesBuildPhase section */

/* Begin PBXVariantGroup section */
		EB68573E1CBBCE34006F8D1E /* Main.storyboard */ = {
			isa = PBXVariantGroup;
			children = (
				EB68573F1CBBCE34006F8D1E /* Base */,
			);
			name = Main.storyboard;
			sourceTree = "<group>";
		};
		EB6857461CBBCE34006F8D1E /* LaunchScreen.storyboard */ = {
			isa = PBXVariantGroup;
			children = (
				EB6857471CBBCE34006F8D1E /* Base */,
			);
			name = LaunchScreen.storyboard;
			sourceTree = "<group>";
		};
/* End PBXVariantGroup section */

/* Begin XCBuildConfiguration section */
		EB68574A1CBBCE34006F8D1E /* Debug */ = {
			isa = XCBuildConfiguration;
			buildSettings = {
				ALWAYS_SEARCH_USER_PATHS = NO;
				CLANG_CXX_LANGUAGE_STANDARD = "gnu++0x";
				CLANG_CXX_LIBRARY = "libc++";
				CLANG_ENABLE_MODULES = YES;
				CLANG_ENABLE_OBJC_ARC = YES;
				CLANG_WARN_BOOL_CONVERSION = YES;
				CLANG_WARN_CONSTANT_CONVERSION = YES;
				CLANG_WARN_DIRECT_OBJC_ISA_USAGE = YES_ERROR;
				CLANG_WARN_EMPTY_BODY = YES;
				CLANG_WARN_ENUM_CONVERSION = YES;
				CLANG_WARN_INT_CONVERSION = YES;
				CLANG_WARN_OBJC_ROOT_CLASS = YES_ERROR;
				CLANG_WARN_UNREACHABLE_CODE = YES;
				CLANG_WARN__DUPLICATE_METHOD_MATCH = YES;
				"CODE_SIGN_IDENTITY[sdk=iphoneos*]" = "iPhone Developer";
				COPY_PHASE_STRIP = NO;
				DEBUG_INFORMATION_FORMAT = dwarf;
				ENABLE_STRICT_OBJC_MSGSEND = YES;
				ENABLE_TESTABILITY = YES;
				GCC_C_LANGUAGE_STANDARD = gnu99;
				GCC_DYNAMIC_NO_PIC = NO;
				GCC_NO_COMMON_BLOCKS = YES;
				GCC_OPTIMIZATION_LEVEL = 0;
				GCC_PREPROCESSOR_DEFINITIONS = (
					"DEBUG=1",
					"$(inherited)",
				);
				GCC_WARN_64_TO_32_BIT_CONVERSION = YES;
				GCC_WARN_ABOUT_RETURN_TYPE = YES_ERROR;
				GCC_WARN_UNDECLARED_SELECTOR = YES;
				GCC_WARN_UNINITIALIZED_AUTOS = YES_AGGRESSIVE;
				GCC_WARN_UNUSED_FUNCTION = YES;
				GCC_WARN_UNUSED_VARIABLE = YES;
				IPHONEOS_DEPLOYMENT_TARGET = 9.2;
				MTL_ENABLE_DEBUG_INFO = YES;
				ONLY_ACTIVE_ARCH = YES;
				SDKROOT = iphoneos;
				SWIFT_OPTIMIZATION_LEVEL = "-Onone";
				TARGETED_DEVICE_FAMILY = "1,2";
			};
			name = Debug;
		};
		EB68574B1CBBCE34006F8D1E /* Release */ = {
			isa = XCBuildConfiguration;
			buildSettings = {
				ALWAYS_SEARCH_USER_PATHS = NO;
				CLANG_CXX_LANGUAGE_STANDARD = "gnu++0x";
				CLANG_CXX_LIBRARY = "libc++";
				CLANG_ENABLE_MODULES = YES;
				CLANG_ENABLE_OBJC_ARC = YES;
				CLANG_WARN_BOOL_CONVERSION = YES;
				CLANG_WARN_CONSTANT_CONVERSION = YES;
				CLANG_WARN_DIRECT_OBJC_ISA_USAGE = YES_ERROR;
				CLANG_WARN_EMPTY_BODY = YES;
				CLANG_WARN_ENUM_CONVERSION = YES;
				CLANG_WARN_INT_CONVERSION = YES;
				CLANG_WARN_OBJC_ROOT_CLASS = YES_ERROR;
				CLANG_WARN_UNREACHABLE_CODE = YES;
				CLANG_WARN__DUPLICATE_METHOD_MATCH = YES;
				"CODE_SIGN_IDENTITY[sdk=iphoneos*]" = "iPhone Developer";
				COPY_PHASE_STRIP = NO;
				DEBUG_INFORMATION_FORMAT = "dwarf-with-dsym";
				ENABLE_NS_ASSERTIONS = NO;
				ENABLE_STRICT_OBJC_MSGSEND = YES;
				GCC_C_LANGUAGE_STANDARD = gnu99;
				GCC_NO_COMMON_BLOCKS = YES;
				GCC_WARN_64_TO_32_BIT_CONVERSION = YES;
				GCC_WARN_ABOUT_RETURN_TYPE = YES_ERROR;
				GCC_WARN_UNDECLARED_SELECTOR = YES;
				GCC_WARN_UNINITIALIZED_AUTOS = YES_AGGRESSIVE;
				GCC_WARN_UNUSED_FUNCTION = YES;
				GCC_WARN_UNUSED_VARIABLE = YES;
				IPHONEOS_DEPLOYMENT_TARGET = 9.2;
				MTL_ENABLE_DEBUG_INFO = NO;
				SDKROOT = iphoneos;
				TARGETED_DEVICE_FAMILY = "1,2";
				VALIDATE_PRODUCT = YES;
			};
			name = Release;
		};
		EB68574D1CBBCE34006F8D1E /* Debug */ = {
			isa = XCBuildConfiguration;
			buildSettings = {
				ASSETCATALOG_COMPILER_APPICON_NAME = AppIcon;
				INFOPLIST_FILE = pokedex/Info.plist;
				LD_RUNPATH_SEARCH_PATHS = "$(inherited) @executable_path/Frameworks";
				PRODUCT_BUNDLE_IDENTIFIER = com.ParhelionSoftware.pokedex;
				PRODUCT_NAME = "$(TARGET_NAME)";
			};
			name = Debug;
		};
		EB68574E1CBBCE34006F8D1E /* Release */ = {
			isa = XCBuildConfiguration;
			buildSettings = {
				ASSETCATALOG_COMPILER_APPICON_NAME = AppIcon;
				INFOPLIST_FILE = pokedex/Info.plist;
				LD_RUNPATH_SEARCH_PATHS = "$(inherited) @executable_path/Frameworks";
				PRODUCT_BUNDLE_IDENTIFIER = com.ParhelionSoftware.pokedex;
				PRODUCT_NAME = "$(TARGET_NAME)";
			};
			name = Release;
		};
/* End XCBuildConfiguration section */

/* Begin XCConfigurationList section */
		EB6857321CBBCE34006F8D1E /* Build configuration list for PBXProject "pokedex" */ = {
			isa = XCConfigurationList;
			buildConfigurations = (
				EB68574A1CBBCE34006F8D1E /* Debug */,
				EB68574B1CBBCE34006F8D1E /* Release */,
			);
			defaultConfigurationIsVisible = 0;
			defaultConfigurationName = Release;
		};
		EB68574C1CBBCE34006F8D1E /* Build configuration list for PBXNativeTarget "pokedex" */ = {
			isa = XCConfigurationList;
			buildConfigurations = (
				EB68574D1CBBCE34006F8D1E /* Debug */,
				EB68574E1CBBCE34006F8D1E /* Release */,
			);
			defaultConfigurationIsVisible = 0;
		};
/* End XCConfigurationList section */

/* Begin XCVersionGroup section */
		EB6857411CBBCE34006F8D1E /* pokedex.xcdatamodeld */ = {
			isa = XCVersionGroup;
			children = (
				EB6857421CBBCE34006F8D1E /* pokedex.xcdatamodel */,
			);
			currentVersion = EB6857421CBBCE34006F8D1E /* pokedex.xcdatamodel */;
			path = pokedex.xcdatamodeld;
			sourceTree = "<group>";
			versionGroupType = wrapper.xcdatamodel;
		};
/* End XCVersionGroup section */
	};
	rootObject = EB68572F1CBBCE34006F8D1E /* Project object */;
}
